// !$*UTF8*$!
{
	archiveVersion = 1;
	classes = {
	};
	objectVersion = 50;
	objects = {

/* Begin PBXBuildFile section */
		CA03E9FD23EB259200B88351 /* AppDelegate.swift in Sources */ = {isa = PBXBuildFile; fileRef = CA03E9FC23EB259200B88351 /* AppDelegate.swift */; };
		CA03E9FF23EB259200B88351 /* SceneDelegate.swift in Sources */ = {isa = PBXBuildFile; fileRef = CA03E9FE23EB259200B88351 /* SceneDelegate.swift */; };
		CA03EA0123EB259200B88351 /* ViewController.swift in Sources */ = {isa = PBXBuildFile; fileRef = CA03EA0023EB259200B88351 /* ViewController.swift */; };
		CA03EA0423EB259200B88351 /* Main.storyboard in Resources */ = {isa = PBXBuildFile; fileRef = CA03EA0223EB259200B88351 /* Main.storyboard */; };
		CA03EA0623EB259500B88351 /* Assets.xcassets in Resources */ = {isa = PBXBuildFile; fileRef = CA03EA0523EB259500B88351 /* Assets.xcassets */; };
		CA03EA0923EB259500B88351 /* LaunchScreen.storyboard in Resources */ = {isa = PBXBuildFile; fileRef = CA03EA0723EB259500B88351 /* LaunchScreen.storyboard */; };
		CA03EA1423EB259600B88351 /* SampleTests.swift in Sources */ = {isa = PBXBuildFile; fileRef = CA03EA1323EB259600B88351 /* SampleTests.swift */; };
		CA03EA1F23EB259600B88351 /* SampleUITests.swift in Sources */ = {isa = PBXBuildFile; fileRef = CA03EA1E23EB259600B88351 /* SampleUITests.swift */; };
/* End PBXBuildFile section */

/* Begin PBXContainerItemProxy section */
		CA03EA1023EB259600B88351 /* PBXContainerItemProxy */ = {
			isa = PBXContainerItemProxy;
			containerPortal = CA03E9F123EB259100B88351 /* Project object */;
			proxyType = 1;
			remoteGlobalIDString = CA03E9F823EB259100B88351;
			remoteInfo = Sample;
		};
		CA03EA1B23EB259600B88351 /* PBXContainerItemProxy */ = {
			isa = PBXContainerItemProxy;
			containerPortal = CA03E9F123EB259100B88351 /* Project object */;
			proxyType = 1;
			remoteGlobalIDString = CA03E9F823EB259100B88351;
			remoteInfo = Sample;
		};
/* End PBXContainerItemProxy section */

/* Begin PBXFileReference section */
		CA03E9F923EB259200B88351 /* Sample.app */ = {isa = PBXFileReference; explicitFileType = wrapper.application; includeInIndex = 0; path = Sample.app; sourceTree = BUILT_PRODUCTS_DIR; };
		CA03E9FC23EB259200B88351 /* AppDelegate.swift */ = {isa = PBXFileReference; lastKnownFileType = sourcecode.swift; path = AppDelegate.swift; sourceTree = "<group>"; };
		CA03E9FE23EB259200B88351 /* SceneDelegate.swift */ = {isa = PBXFileReference; lastKnownFileType = sourcecode.swift; path = SceneDelegate.swift; sourceTree = "<group>"; };
		CA03EA0023EB259200B88351 /* ViewController.swift */ = {isa = PBXFileReference; lastKnownFileType = sourcecode.swift; path = ViewController.swift; sourceTree = "<group>"; };
		CA03EA0323EB259200B88351 /* Base */ = {isa = PBXFileReference; lastKnownFileType = file.storyboard; name = Base; path = Base.lproj/Main.storyboard; sourceTree = "<group>"; };
		CA03EA0523EB259500B88351 /* Assets.xcassets */ = {isa = PBXFileReference; lastKnownFileType = folder.assetcatalog; path = Assets.xcassets; sourceTree = "<group>"; };
		CA03EA0823EB259500B88351 /* Base */ = {isa = PBXFileReference; lastKnownFileType = file.storyboard; name = Base; path = Base.lproj/LaunchScreen.storyboard; sourceTree = "<group>"; };
		CA03EA0A23EB259500B88351 /* Info.plist */ = {isa = PBXFileReference; lastKnownFileType = text.plist.xml; path = Info.plist; sourceTree = "<group>"; };
		CA03EA0F23EB259600B88351 /* SampleTests.xctest */ = {isa = PBXFileReference; explicitFileType = wrapper.cfbundle; includeInIndex = 0; path = SampleTests.xctest; sourceTree = BUILT_PRODUCTS_DIR; };
		CA03EA1323EB259600B88351 /* SampleTests.swift */ = {isa = PBXFileReference; lastKnownFileType = sourcecode.swift; path = SampleTests.swift; sourceTree = "<group>"; };
		CA03EA1523EB259600B88351 /* Info.plist */ = {isa = PBXFileReference; lastKnownFileType = text.plist.xml; path = Info.plist; sourceTree = "<group>"; };
		CA03EA1A23EB259600B88351 /* SampleUITests.xctest */ = {isa = PBXFileReference; explicitFileType = wrapper.cfbundle; includeInIndex = 0; path = SampleUITests.xctest; sourceTree = BUILT_PRODUCTS_DIR; };
		CA03EA1E23EB259600B88351 /* SampleUITests.swift */ = {isa = PBXFileReference; lastKnownFileType = sourcecode.swift; path = SampleUITests.swift; sourceTree = "<group>"; };
		CA03EA2023EB259600B88351 /* Info.plist */ = {isa = PBXFileReference; lastKnownFileType = text.plist.xml; path = Info.plist; sourceTree = "<group>"; };
/* End PBXFileReference section */

/* Begin PBXFrameworksBuildPhase section */
		CA03E9F623EB259100B88351 /* Frameworks */ = {
			isa = PBXFrameworksBuildPhase;
			buildActionMask = 2147483647;
			files = (
			);
			runOnlyForDeploymentPostprocessing = 0;
		};
		CA03EA0C23EB259600B88351 /* Frameworks */ = {
			isa = PBXFrameworksBuildPhase;
			buildActionMask = 2147483647;
			files = (
			);
			runOnlyForDeploymentPostprocessing = 0;
		};
		CA03EA1723EB259600B88351 /* Frameworks */ = {
			isa = PBXFrameworksBuildPhase;
			buildActionMask = 2147483647;
			files = (
			);
			runOnlyForDeploymentPostprocessing = 0;
		};
/* End PBXFrameworksBuildPhase section */

/* Begin PBXGroup section */
		CA03E9F023EB259100B88351 = {
			isa = PBXGroup;
			children = (
				CA03E9FB23EB259200B88351 /* Sample */,
				CA03EA1223EB259600B88351 /* SampleTests */,
				CA03EA1D23EB259600B88351 /* SampleUITests */,
				CA03E9FA23EB259200B88351 /* Products */,
			);
			sourceTree = "<group>";
		};
		CA03E9FA23EB259200B88351 /* Products */ = {
			isa = PBXGroup;
			children = (
				CA03E9F923EB259200B88351 /* Sample.app */,
				CA03EA0F23EB259600B88351 /* SampleTests.xctest */,
				CA03EA1A23EB259600B88351 /* SampleUITests.xctest */,
			);
			name = Products;
			sourceTree = "<group>";
		};
		CA03E9FB23EB259200B88351 /* Sample */ = {
			isa = PBXGroup;
			children = (
				CA03E9FC23EB259200B88351 /* AppDelegate.swift */,
				CA03E9FE23EB259200B88351 /* SceneDelegate.swift */,
				CA03EA0023EB259200B88351 /* ViewController.swift */,
				CA03EA0223EB259200B88351 /* Main.storyboard */,
				CA03EA0523EB259500B88351 /* Assets.xcassets */,
				CA03EA0723EB259500B88351 /* LaunchScreen.storyboard */,
				CA03EA0A23EB259500B88351 /* Info.plist */,
			);
			path = Sample;
			sourceTree = "<group>";
		};
		CA03EA1223EB259600B88351 /* SampleTests */ = {
			isa = PBXGroup;
			children = (
				CA03EA1323EB259600B88351 /* SampleTests.swift */,
				CA03EA1523EB259600B88351 /* Info.plist */,
			);
			path = SampleTests;
			sourceTree = "<group>";
		};
		CA03EA1D23EB259600B88351 /* SampleUITests */ = {
			isa = PBXGroup;
			children = (
				CA03EA1E23EB259600B88351 /* SampleUITests.swift */,
				CA03EA2023EB259600B88351 /* Info.plist */,
			);
			path = SampleUITests;
			sourceTree = "<group>";
		};
/* End PBXGroup section */

/* Begin PBXNativeTarget section */
		CA03E9F823EB259100B88351 /* Sample */ = {
			isa = PBXNativeTarget;
			buildConfigurationList = CA03EA2323EB259600B88351 /* Build configuration list for PBXNativeTarget "Sample" */;
			buildPhases = (
				CA03E9F523EB259100B88351 /* Sources */,
				CA03E9F623EB259100B88351 /* Frameworks */,
				CA03E9F723EB259100B88351 /* Resources */,
			);
			buildRules = (
			);
			dependencies = (
			);
			name = Sample;
			productName = Sample;
			productReference = CA03E9F923EB259200B88351 /* Sample.app */;
			productType = "com.apple.product-type.application";
		};
		CA03EA0E23EB259600B88351 /* SampleTests */ = {
			isa = PBXNativeTarget;
			buildConfigurationList = CA03EA2623EB259600B88351 /* Build configuration list for PBXNativeTarget "SampleTests" */;
			buildPhases = (
				CA03EA0B23EB259600B88351 /* Sources */,
				CA03EA0C23EB259600B88351 /* Frameworks */,
				CA03EA0D23EB259600B88351 /* Resources */,
			);
			buildRules = (
			);
			dependencies = (
				CA03EA1123EB259600B88351 /* PBXTargetDependency */,
			);
			name = SampleTests;
			productName = SampleTests;
			productReference = CA03EA0F23EB259600B88351 /* SampleTests.xctest */;
			productType = "com.apple.product-type.bundle.unit-test";
		};
		CA03EA1923EB259600B88351 /* SampleUITests */ = {
			isa = PBXNativeTarget;
			buildConfigurationList = CA03EA2923EB259600B88351 /* Build configuration list for PBXNativeTarget "SampleUITests" */;
			buildPhases = (
				CA03EA1623EB259600B88351 /* Sources */,
				CA03EA1723EB259600B88351 /* Frameworks */,
				CA03EA1823EB259600B88351 /* Resources */,
			);
			buildRules = (
			);
			dependencies = (
				CA03EA1C23EB259600B88351 /* PBXTargetDependency */,
			);
			name = SampleUITests;
			productName = SampleUITests;
			productReference = CA03EA1A23EB259600B88351 /* SampleUITests.xctest */;
			productType = "com.apple.product-type.bundle.ui-testing";
		};
/* End PBXNativeTarget section */

/* Begin PBXProject section */
		CA03E9F123EB259100B88351 /* Project object */ = {
			isa = PBXProject;
			attributes = {
				LastSwiftUpdateCheck = 1130;
				LastUpgradeCheck = 1130;
				ORGANIZATIONNAME = "Nishika Agarwal";
				TargetAttributes = {
					CA03E9F823EB259100B88351 = {
						CreatedOnToolsVersion = 11.3;
					};
					CA03EA0E23EB259600B88351 = {
						CreatedOnToolsVersion = 11.3;
						TestTargetID = CA03E9F823EB259100B88351;
					};
					CA03EA1923EB259600B88351 = {
						CreatedOnToolsVersion = 11.3;
						TestTargetID = CA03E9F823EB259100B88351;
					};
				};
			};
			buildConfigurationList = CA03E9F423EB259100B88351 /* Build configuration list for PBXProject "Sample" */;
			compatibilityVersion = "Xcode 9.3";
			developmentRegion = en;
			hasScannedForEncodings = 0;
			knownRegions = (
				en,
				Base,
			);
			mainGroup = CA03E9F023EB259100B88351;
			productRefGroup = CA03E9FA23EB259200B88351 /* Products */;
			projectDirPath = "";
			projectRoot = "";
			targets = (
				CA03E9F823EB259100B88351 /* Sample */,
				CA03EA0E23EB259600B88351 /* SampleTests */,
				CA03EA1923EB259600B88351 /* SampleUITests */,
			);
		};
/* End PBXProject section */

/* Begin PBXResourcesBuildPhase section */
		CA03E9F723EB259100B88351 /* Resources */ = {
			isa = PBXResourcesBuildPhase;
			buildActionMask = 2147483647;
			files = (
				CA03EA0923EB259500B88351 /* LaunchScreen.storyboard in Resources */,
				CA03EA0623EB259500B88351 /* Assets.xcassets in Resources */,
				CA03EA0423EB259200B88351 /* Main.storyboard in Resources */,
			);
			runOnlyForDeploymentPostprocessing = 0;
		};
		CA03EA0D23EB259600B88351 /* Resources */ = {
			isa = PBXResourcesBuildPhase;
			buildActionMask = 2147483647;
			files = (
			);
			runOnlyForDeploymentPostprocessing = 0;
		};
		CA03EA1823EB259600B88351 /* Resources */ = {
			isa = PBXResourcesBuildPhase;
			buildActionMask = 2147483647;
			files = (
			);
			runOnlyForDeploymentPostprocessing = 0;
		};
/* End PBXResourcesBuildPhase section */

/* Begin PBXSourcesBuildPhase section */
		CA03E9F523EB259100B88351 /* Sources */ = {
			isa = PBXSourcesBuildPhase;
			buildActionMask = 2147483647;
			files = (
				CA03EA0123EB259200B88351 /* ViewController.swift in Sources */,
				CA03E9FD23EB259200B88351 /* AppDelegate.swift in Sources */,
				CA03E9FF23EB259200B88351 /* SceneDelegate.swift in Sources */,
			);
			runOnlyForDeploymentPostprocessing = 0;
		};
		CA03EA0B23EB259600B88351 /* Sources */ = {
			isa = PBXSourcesBuildPhase;
			buildActionMask = 2147483647;
			files = (
				CA03EA1423EB259600B88351 /* SampleTests.swift in Sources */,
			);
			runOnlyForDeploymentPostprocessing = 0;
		};
		CA03EA1623EB259600B88351 /* Sources */ = {
			isa = PBXSourcesBuildPhase;
			buildActionMask = 2147483647;
			files = (
				CA03EA1F23EB259600B88351 /* SampleUITests.swift in Sources */,
			);
			runOnlyForDeploymentPostprocessing = 0;
		};
/* End PBXSourcesBuildPhase section */

/* Begin PBXTargetDependency section */
		CA03EA1123EB259600B88351 /* PBXTargetDependency */ = {
			isa = PBXTargetDependency;
			target = CA03E9F823EB259100B88351 /* Sample */;
			targetProxy = CA03EA1023EB259600B88351 /* PBXContainerItemProxy */;
		};
		CA03EA1C23EB259600B88351 /* PBXTargetDependency */ = {
			isa = PBXTargetDependency;
			target = CA03E9F823EB259100B88351 /* Sample */;
			targetProxy = CA03EA1B23EB259600B88351 /* PBXContainerItemProxy */;
		};
/* End PBXTargetDependency section */

/* Begin PBXVariantGroup section */
		CA03EA0223EB259200B88351 /* Main.storyboard */ = {
			isa = PBXVariantGroup;
			children = (
				CA03EA0323EB259200B88351 /* Base */,
			);
			name = Main.storyboard;
			sourceTree = "<group>";
		};
		CA03EA0723EB259500B88351 /* LaunchScreen.storyboard */ = {
			isa = PBXVariantGroup;
			children = (
				CA03EA0823EB259500B88351 /* Base */,
			);
			name = LaunchScreen.storyboard;
			sourceTree = "<group>";
		};
/* End PBXVariantGroup section */

/* Begin XCBuildConfiguration section */
		CA03EA2123EB259600B88351 /* Debug */ = {
			isa = XCBuildConfiguration;
			buildSettings = {
				ALWAYS_SEARCH_USER_PATHS = NO;
				CLANG_ANALYZER_NONNULL = YES;
				CLANG_ANALYZER_NUMBER_OBJECT_CONVERSION = YES_AGGRESSIVE;
				CLANG_CXX_LANGUAGE_STANDARD = "gnu++14";
				CLANG_CXX_LIBRARY = "libc++";
				CLANG_ENABLE_MODULES = YES;
				CLANG_ENABLE_OBJC_ARC = YES;
				CLANG_ENABLE_OBJC_WEAK = YES;
				CLANG_WARN_BLOCK_CAPTURE_AUTORELEASING = YES;
				CLANG_WARN_BOOL_CONVERSION = YES;
				CLANG_WARN_COMMA = YES;
				CLANG_WARN_CONSTANT_CONVERSION = YES;
				CLANG_WARN_DEPRECATED_OBJC_IMPLEMENTATIONS = YES;
				CLANG_WARN_DIRECT_OBJC_ISA_USAGE = YES_ERROR;
				CLANG_WARN_DOCUMENTATION_COMMENTS = YES;
				CLANG_WARN_EMPTY_BODY = YES;
				CLANG_WARN_ENUM_CONVERSION = YES;
				CLANG_WARN_INFINITE_RECURSION = YES;
				CLANG_WARN_INT_CONVERSION = YES;
				CLANG_WARN_NON_LITERAL_NULL_CONVERSION = YES;
				CLANG_WARN_OBJC_IMPLICIT_RETAIN_SELF = YES;
				CLANG_WARN_OBJC_LITERAL_CONVERSION = YES;
				CLANG_WARN_OBJC_ROOT_CLASS = YES_ERROR;
				CLANG_WARN_RANGE_LOOP_ANALYSIS = YES;
				CLANG_WARN_STRICT_PROTOTYPES = YES;
				CLANG_WARN_SUSPICIOUS_MOVE = YES;
				CLANG_WARN_UNGUARDED_AVAILABILITY = YES_AGGRESSIVE;
				CLANG_WARN_UNREACHABLE_CODE = YES;
				CLANG_WARN__DUPLICATE_METHOD_MATCH = YES;
				COPY_PHASE_STRIP = NO;
				DEBUG_INFORMATION_FORMAT = dwarf;
				ENABLE_STRICT_OBJC_MSGSEND = YES;
				ENABLE_TESTABILITY = YES;
				GCC_C_LANGUAGE_STANDARD = gnu11;
				GCC_DYNAMIC_NO_PIC = NO;
				GCC_NO_COMMON_BLOCKS = YES;
				GCC_OPTIMIZATION_LEVEL = 0;
				GCC_PREPROCESSOR_DEFINITIONS = (
					"DEBUG=1",
					"$(inherited)",
				);
				GCC_WARN_64_TO_32_BIT_CONVERSION = YES;
				GCC_WARN_ABOUT_RETURN_TYPE = YES_ERROR;
				GCC_WARN_UNDECLARED_SELECTOR = YES;
				GCC_WARN_UNINITIALIZED_AUTOS = YES_AGGRESSIVE;
				GCC_WARN_UNUSED_FUNCTION = YES;
				GCC_WARN_UNUSED_VARIABLE = YES;
				IPHONEOS_DEPLOYMENT_TARGET = 13.2;
				MTL_ENABLE_DEBUG_INFO = INCLUDE_SOURCE;
				MTL_FAST_MATH = YES;
				ONLY_ACTIVE_ARCH = YES;
				SDKROOT = iphoneos;
				SWIFT_ACTIVE_COMPILATION_CONDITIONS = DEBUG;
				SWIFT_OPTIMIZATION_LEVEL = "-Onone";
			};
			name = Debug;
		};
		CA03EA2223EB259600B88351 /* Release */ = {
			isa = XCBuildConfiguration;
			buildSettings = {
				ALWAYS_SEARCH_USER_PATHS = NO;
				CLANG_ANALYZER_NONNULL = YES;
				CLANG_ANALYZER_NUMBER_OBJECT_CONVERSION = YES_AGGRESSIVE;
				CLANG_CXX_LANGUAGE_STANDARD = "gnu++14";
				CLANG_CXX_LIBRARY = "libc++";
				CLANG_ENABLE_MODULES = YES;
				CLANG_ENABLE_OBJC_ARC = YES;
				CLANG_ENABLE_OBJC_WEAK = YES;
				CLANG_WARN_BLOCK_CAPTURE_AUTORELEASING = YES;
				CLANG_WARN_BOOL_CONVERSION = YES;
				CLANG_WARN_COMMA = YES;
				CLANG_WARN_CONSTANT_CONVERSION = YES;
				CLANG_WARN_DEPRECATED_OBJC_IMPLEMENTATIONS = YES;
				CLANG_WARN_DIRECT_OBJC_ISA_USAGE = YES_ERROR;
				CLANG_WARN_DOCUMENTATION_COMMENTS = YES;
				CLANG_WARN_EMPTY_BODY = YES;
				CLANG_WARN_ENUM_CONVERSION = YES;
				CLANG_WARN_INFINITE_RECURSION = YES;
				CLANG_WARN_INT_CONVERSION = YES;
				CLANG_WARN_NON_LITERAL_NULL_CONVERSION = YES;
				CLANG_WARN_OBJC_IMPLICIT_RETAIN_SELF = YES;
				CLANG_WARN_OBJC_LITERAL_CONVERSION = YES;
				CLANG_WARN_OBJC_ROOT_CLASS = YES_ERROR;
				CLANG_WARN_RANGE_LOOP_ANALYSIS = YES;
				CLANG_WARN_STRICT_PROTOTYPES = YES;
				CLANG_WARN_SUSPICIOUS_MOVE = YES;
				CLANG_WARN_UNGUARDED_AVAILABILITY = YES_AGGRESSIVE;
				CLANG_WARN_UNREACHABLE_CODE = YES;
				CLANG_WARN__DUPLICATE_METHOD_MATCH = YES;
				COPY_PHASE_STRIP = NO;
				DEBUG_INFORMATION_FORMAT = "dwarf-with-dsym";
				ENABLE_NS_ASSERTIONS = NO;
				ENABLE_STRICT_OBJC_MSGSEND = YES;
				GCC_C_LANGUAGE_STANDARD = gnu11;
				GCC_NO_COMMON_BLOCKS = YES;
				GCC_WARN_64_TO_32_BIT_CONVERSION = YES;
				GCC_WARN_ABOUT_RETURN_TYPE = YES_ERROR;
				GCC_WARN_UNDECLARED_SELECTOR = YES;
				GCC_WARN_UNINITIALIZED_AUTOS = YES_AGGRESSIVE;
				GCC_WARN_UNUSED_FUNCTION = YES;
				GCC_WARN_UNUSED_VARIABLE = YES;
				IPHONEOS_DEPLOYMENT_TARGET = 13.2;
				MTL_ENABLE_DEBUG_INFO = NO;
				MTL_FAST_MATH = YES;
				SDKROOT = iphoneos;
				SWIFT_COMPILATION_MODE = wholemodule;
				SWIFT_OPTIMIZATION_LEVEL = "-O";
				VALIDATE_PRODUCT = YES;
			};
			name = Release;
		};
		CA03EA2423EB259600B88351 /* Debug */ = {
			isa = XCBuildConfiguration;
			buildSettings = {
				ASSETCATALOG_COMPILER_APPICON_NAME = AppIcon;
				CODE_SIGN_STYLE = Automatic;
				INFOPLIST_FILE = Sample/Info.plist;
				LD_RUNPATH_SEARCH_PATHS = (
					"$(inherited)",
					"@executable_path/Frameworks",
				);
				PRODUCT_BUNDLE_IDENTIFIER = nishika.Sample;
				PRODUCT_NAME = "$(TARGET_NAME)";
				SWIFT_VERSION = 5.0;
				TARGETED_DEVICE_FAMILY = "1,2";
			};
			name = Debug;
		};
		CA03EA2523EB259600B88351 /* Release */ = {
			isa = XCBuildConfiguration;
			buildSettings = {
				ASSETCATALOG_COMPILER_APPICON_NAME = AppIcon;
				CODE_SIGN_STYLE = Automatic;
				INFOPLIST_FILE = Sample/Info.plist;
				LD_RUNPATH_SEARCH_PATHS = (
					"$(inherited)",
					"@executable_path/Frameworks",
				);
				PRODUCT_BUNDLE_IDENTIFIER = nishika.Sample;
				PRODUCT_NAME = "$(TARGET_NAME)";
				SWIFT_VERSION = 5.0;
				TARGETED_DEVICE_FAMILY = "1,2";
			};
			name = Release;
		};
		CA03EA2723EB259600B88351 /* Debug */ = {
			isa = XCBuildConfiguration;
			buildSettings = {
				ALWAYS_EMBED_SWIFT_STANDARD_LIBRARIES = YES;
				BUNDLE_LOADER = "$(TEST_HOST)";
				CODE_SIGN_STYLE = Automatic;
				INFOPLIST_FILE = SampleTests/Info.plist;
				IPHONEOS_DEPLOYMENT_TARGET = 13.2;
				LD_RUNPATH_SEARCH_PATHS = (
					"$(inherited)",
					"@executable_path/Frameworks",
					"@loader_path/Frameworks",
				);
				PRODUCT_BUNDLE_IDENTIFIER = nishika.SampleTests;
				PRODUCT_NAME = "$(TARGET_NAME)";
				SWIFT_VERSION = 5.0;
				TARGETED_DEVICE_FAMILY = "1,2";
				TEST_HOST = "$(BUILT_PRODUCTS_DIR)/Sample.app/Sample";
			};
			name = Debug;
		};
		CA03EA2823EB259600B88351 /* Release */ = {
			isa = XCBuildConfiguration;
			buildSettings = {
				ALWAYS_EMBED_SWIFT_STANDARD_LIBRARIES = YES;
				BUNDLE_LOADER = "$(TEST_HOST)";
				CODE_SIGN_STYLE = Automatic;
				INFOPLIST_FILE = SampleTests/Info.plist;
				IPHONEOS_DEPLOYMENT_TARGET = 13.2;
				LD_RUNPATH_SEARCH_PATHS = (
					"$(inherited)",
					"@executable_path/Frameworks",
					"@loader_path/Frameworks",
				);
				PRODUCT_BUNDLE_IDENTIFIER = nishika.SampleTests;
				PRODUCT_NAME = "$(TARGET_NAME)";
				SWIFT_VERSION = 5.0;
				TARGETED_DEVICE_FAMILY = "1,2";
				TEST_HOST = "$(BUILT_PRODUCTS_DIR)/Sample.app/Sample";
			};
			name = Release;
		};
		CA03EA2A23EB259600B88351 /* Debug */ = {
			isa = XCBuildConfiguration;
			buildSettings = {
				ALWAYS_EMBED_SWIFT_STANDARD_LIBRARIES = YES;
				CODE_SIGN_STYLE = Automatic;
				INFOPLIST_FILE = SampleUITests/Info.plist;
				LD_RUNPATH_SEARCH_PATHS = (
					"$(inherited)",
					"@executable_path/Frameworks",
					"@loader_path/Frameworks",
				);
				PRODUCT_BUNDLE_IDENTIFIER = nishika.SampleUITests;
				PRODUCT_NAME = "$(TARGET_NAME)";
				SWIFT_VERSION = 5.0;
				TARGETED_DEVICE_FAMILY = "1,2";
				TEST_TARGET_NAME = Sample;
			};
			name = Debug;
		};
		CA03EA2B23EB259600B88351 /* Release */ = {
			isa = XCBuildConfiguration;
			buildSettings = {
				ALWAYS_EMBED_SWIFT_STANDARD_LIBRARIES = YES;
				CODE_SIGN_STYLE = Automatic;
				INFOPLIST_FILE = SampleUITests/Info.plist;
				LD_RUNPATH_SEARCH_PATHS = (
					"$(inherited)",
					"@executable_path/Frameworks",
					"@loader_path/Frameworks",
				);
				PRODUCT_BUNDLE_IDENTIFIER = nishika.SampleUITests;
				PRODUCT_NAME = "$(TARGET_NAME)";
				SWIFT_VERSION = 5.0;
				TARGETED_DEVICE_FAMILY = "1,2";
				TEST_TARGET_NAME = Sample;
			};
			name = Release;
		};
/* End XCBuildConfiguration section */

/* Begin XCConfigurationList section */
		CA03E9F423EB259100B88351 /* Build configuration list for PBXProject "Sample" */ = {
			isa = XCConfigurationList;
			buildConfigurations = (
				CA03EA2123EB259600B88351 /* Debug */,
				CA03EA2223EB259600B88351 /* Release */,
			);
			defaultConfigurationIsVisible = 0;
			defaultConfigurationName = Release;
		};
		CA03EA2323EB259600B88351 /* Build configuration list for PBXNativeTarget "Sample" */ = {
			isa = XCConfigurationList;
			buildConfigurations = (
				CA03EA2423EB259600B88351 /* Debug */,
				CA03EA2523EB259600B88351 /* Release */,
			);
			defaultConfigurationIsVisible = 0;
			defaultConfigurationName = Release;
		};
		CA03EA2623EB259600B88351 /* Build configuration list for PBXNativeTarget "SampleTests" */ = {
			isa = XCConfigurationList;
			buildConfigurations = (
				CA03EA2723EB259600B88351 /* Debug */,
				CA03EA2823EB259600B88351 /* Release */,
			);
			defaultConfigurationIsVisible = 0;
			defaultConfigurationName = Release;
		};
		CA03EA2923EB259600B88351 /* Build configuration list for PBXNativeTarget "SampleUITests" */ = {
			isa = XCConfigurationList;
			buildConfigurations = (
				CA03EA2A23EB259600B88351 /* Debug */,
				CA03EA2B23EB259600B88351 /* Release */,
			);
			defaultConfigurationIsVisible = 0;
			defaultConfigurationName = Release;
		};
/* End XCConfigurationList section */
	};
	rootObject = CA03E9F123EB259100B88351 /* Project object */;
}
