// !$*UTF8*$!
{
	archiveVersion = 1;
	classes = {
	};
	objectVersion = 50;
	objects = {

/* Begin PBXBuildFile section */
		CAEA48DE240F736400971C72 /* AppDelegate.swift in Sources */ = {isa = PBXBuildFile; fileRef = CAEA48DD240F736400971C72 /* AppDelegate.swift */; };
		CAEA48E0240F736400971C72 /* SceneDelegate.swift in Sources */ = {isa = PBXBuildFile; fileRef = CAEA48DF240F736400971C72 /* SceneDelegate.swift */; };
		CAEA48E2240F736400971C72 /* ViewController.swift in Sources */ = {isa = PBXBuildFile; fileRef = CAEA48E1240F736400971C72 /* ViewController.swift */; };
		CAEA48E5240F736400971C72 /* Main.storyboard in Resources */ = {isa = PBXBuildFile; fileRef = CAEA48E3240F736400971C72 /* Main.storyboard */; };
		CAEA48E7240F736900971C72 /* Assets.xcassets in Resources */ = {isa = PBXBuildFile; fileRef = CAEA48E6240F736900971C72 /* Assets.xcassets */; };
		CAEA48EA240F736900971C72 /* LaunchScreen.storyboard in Resources */ = {isa = PBXBuildFile; fileRef = CAEA48E8240F736900971C72 /* LaunchScreen.storyboard */; };
		CAEA48F5240F736A00971C72 /* CustomCameraTests.swift in Sources */ = {isa = PBXBuildFile; fileRef = CAEA48F4240F736A00971C72 /* CustomCameraTests.swift */; };
		CAEA4900240F736A00971C72 /* CustomCameraUITests.swift in Sources */ = {isa = PBXBuildFile; fileRef = CAEA48FF240F736A00971C72 /* CustomCameraUITests.swift */; };
		CAEA490E240F752A00971C72 /* PhotoViewController.swift in Sources */ = {isa = PBXBuildFile; fileRef = CAEA490D240F752A00971C72 /* PhotoViewController.swift */; };
/* End PBXBuildFile section */

/* Begin PBXContainerItemProxy section */
		CAEA48F1240F736A00971C72 /* PBXContainerItemProxy */ = {
			isa = PBXContainerItemProxy;
			containerPortal = CAEA48D2240F736400971C72 /* Project object */;
			proxyType = 1;
			remoteGlobalIDString = CAEA48D9240F736400971C72;
			remoteInfo = CustomCamera;
		};
		CAEA48FC240F736A00971C72 /* PBXContainerItemProxy */ = {
			isa = PBXContainerItemProxy;
			containerPortal = CAEA48D2240F736400971C72 /* Project object */;
			proxyType = 1;
			remoteGlobalIDString = CAEA48D9240F736400971C72;
			remoteInfo = CustomCamera;
		};
/* End PBXContainerItemProxy section */

/* Begin PBXFileReference section */
		CAEA48DA240F736400971C72 /* CustomCamera.app */ = {isa = PBXFileReference; explicitFileType = wrapper.application; includeInIndex = 0; path = CustomCamera.app; sourceTree = BUILT_PRODUCTS_DIR; };
		CAEA48DD240F736400971C72 /* AppDelegate.swift */ = {isa = PBXFileReference; lastKnownFileType = sourcecode.swift; path = AppDelegate.swift; sourceTree = "<group>"; };
		CAEA48DF240F736400971C72 /* SceneDelegate.swift */ = {isa = PBXFileReference; lastKnownFileType = sourcecode.swift; path = SceneDelegate.swift; sourceTree = "<group>"; };
		CAEA48E1240F736400971C72 /* ViewController.swift */ = {isa = PBXFileReference; lastKnownFileType = sourcecode.swift; path = ViewController.swift; sourceTree = "<group>"; };
		CAEA48E4240F736400971C72 /* Base */ = {isa = PBXFileReference; lastKnownFileType = file.storyboard; name = Base; path = Base.lproj/Main.storyboard; sourceTree = "<group>"; };
		CAEA48E6240F736900971C72 /* Assets.xcassets */ = {isa = PBXFileReference; lastKnownFileType = folder.assetcatalog; path = Assets.xcassets; sourceTree = "<group>"; };
		CAEA48E9240F736900971C72 /* Base */ = {isa = PBXFileReference; lastKnownFileType = file.storyboard; name = Base; path = Base.lproj/LaunchScreen.storyboard; sourceTree = "<group>"; };
		CAEA48EB240F736A00971C72 /* Info.plist */ = {isa = PBXFileReference; lastKnownFileType = text.plist.xml; path = Info.plist; sourceTree = "<group>"; };
		CAEA48F0240F736A00971C72 /* CustomCameraTests.xctest */ = {isa = PBXFileReference; explicitFileType = wrapper.cfbundle; includeInIndex = 0; path = CustomCameraTests.xctest; sourceTree = BUILT_PRODUCTS_DIR; };
		CAEA48F4240F736A00971C72 /* CustomCameraTests.swift */ = {isa = PBXFileReference; lastKnownFileType = sourcecode.swift; path = CustomCameraTests.swift; sourceTree = "<group>"; };
		CAEA48F6240F736A00971C72 /* Info.plist */ = {isa = PBXFileReference; lastKnownFileType = text.plist.xml; path = Info.plist; sourceTree = "<group>"; };
		CAEA48FB240F736A00971C72 /* CustomCameraUITests.xctest */ = {isa = PBXFileReference; explicitFileType = wrapper.cfbundle; includeInIndex = 0; path = CustomCameraUITests.xctest; sourceTree = BUILT_PRODUCTS_DIR; };
		CAEA48FF240F736A00971C72 /* CustomCameraUITests.swift */ = {isa = PBXFileReference; lastKnownFileType = sourcecode.swift; path = CustomCameraUITests.swift; sourceTree = "<group>"; };
		CAEA4901240F736A00971C72 /* Info.plist */ = {isa = PBXFileReference; lastKnownFileType = text.plist.xml; path = Info.plist; sourceTree = "<group>"; };
		CAEA490D240F752A00971C72 /* PhotoViewController.swift */ = {isa = PBXFileReference; lastKnownFileType = sourcecode.swift; path = PhotoViewController.swift; sourceTree = "<group>"; };
/* End PBXFileReference section */

/* Begin PBXFrameworksBuildPhase section */
		CAEA48D7240F736400971C72 /* Frameworks */ = {
			isa = PBXFrameworksBuildPhase;
			buildActionMask = 2147483647;
			files = (
			);
			runOnlyForDeploymentPostprocessing = 0;
		};
		CAEA48ED240F736A00971C72 /* Frameworks */ = {
			isa = PBXFrameworksBuildPhase;
			buildActionMask = 2147483647;
			files = (
			);
			runOnlyForDeploymentPostprocessing = 0;
		};
		CAEA48F8240F736A00971C72 /* Frameworks */ = {
			isa = PBXFrameworksBuildPhase;
			buildActionMask = 2147483647;
			files = (
			);
			runOnlyForDeploymentPostprocessing = 0;
		};
/* End PBXFrameworksBuildPhase section */

/* Begin PBXGroup section */
		CAEA48D1240F736400971C72 = {
			isa = PBXGroup;
			children = (
				CAEA48DC240F736400971C72 /* CustomCamera */,
				CAEA48F3240F736A00971C72 /* CustomCameraTests */,
				CAEA48FE240F736A00971C72 /* CustomCameraUITests */,
				CAEA48DB240F736400971C72 /* Products */,
			);
			sourceTree = "<group>";
		};
		CAEA48DB240F736400971C72 /* Products */ = {
			isa = PBXGroup;
			children = (
				CAEA48DA240F736400971C72 /* CustomCamera.app */,
				CAEA48F0240F736A00971C72 /* CustomCameraTests.xctest */,
				CAEA48FB240F736A00971C72 /* CustomCameraUITests.xctest */,
			);
			name = Products;
			sourceTree = "<group>";
		};
		CAEA48DC240F736400971C72 /* CustomCamera */ = {
			isa = PBXGroup;
			children = (
				CAEA48DD240F736400971C72 /* AppDelegate.swift */,
				CAEA48DF240F736400971C72 /* SceneDelegate.swift */,
				CAEA48E1240F736400971C72 /* ViewController.swift */,
				CAEA490D240F752A00971C72 /* PhotoViewController.swift */,
				CAEA48E3240F736400971C72 /* Main.storyboard */,
				CAEA48E6240F736900971C72 /* Assets.xcassets */,
				CAEA48E8240F736900971C72 /* LaunchScreen.storyboard */,
				CAEA48EB240F736A00971C72 /* Info.plist */,
			);
			path = CustomCamera;
			sourceTree = "<group>";
		};
		CAEA48F3240F736A00971C72 /* CustomCameraTests */ = {
			isa = PBXGroup;
			children = (
				CAEA48F4240F736A00971C72 /* CustomCameraTests.swift */,
				CAEA48F6240F736A00971C72 /* Info.plist */,
			);
			path = CustomCameraTests;
			sourceTree = "<group>";
		};
		CAEA48FE240F736A00971C72 /* CustomCameraUITests */ = {
			isa = PBXGroup;
			children = (
				CAEA48FF240F736A00971C72 /* CustomCameraUITests.swift */,
				CAEA4901240F736A00971C72 /* Info.plist */,
			);
			path = CustomCameraUITests;
			sourceTree = "<group>";
		};
/* End PBXGroup section */

/* Begin PBXNativeTarget section */
		CAEA48D9240F736400971C72 /* CustomCamera */ = {
			isa = PBXNativeTarget;
			buildConfigurationList = CAEA4904240F736A00971C72 /* Build configuration list for PBXNativeTarget "CustomCamera" */;
			buildPhases = (
				CAEA48D6240F736400971C72 /* Sources */,
				CAEA48D7240F736400971C72 /* Frameworks */,
				CAEA48D8240F736400971C72 /* Resources */,
			);
			buildRules = (
			);
			dependencies = (
			);
			name = CustomCamera;
			productName = CustomCamera;
			productReference = CAEA48DA240F736400971C72 /* CustomCamera.app */;
			productType = "com.apple.product-type.application";
		};
		CAEA48EF240F736A00971C72 /* CustomCameraTests */ = {
			isa = PBXNativeTarget;
			buildConfigurationList = CAEA4907240F736A00971C72 /* Build configuration list for PBXNativeTarget "CustomCameraTests" */;
			buildPhases = (
				CAEA48EC240F736A00971C72 /* Sources */,
				CAEA48ED240F736A00971C72 /* Frameworks */,
				CAEA48EE240F736A00971C72 /* Resources */,
			);
			buildRules = (
			);
			dependencies = (
				CAEA48F2240F736A00971C72 /* PBXTargetDependency */,
			);
			name = CustomCameraTests;
			productName = CustomCameraTests;
			productReference = CAEA48F0240F736A00971C72 /* CustomCameraTests.xctest */;
			productType = "com.apple.product-type.bundle.unit-test";
		};
		CAEA48FA240F736A00971C72 /* CustomCameraUITests */ = {
			isa = PBXNativeTarget;
			buildConfigurationList = CAEA490A240F736A00971C72 /* Build configuration list for PBXNativeTarget "CustomCameraUITests" */;
			buildPhases = (
				CAEA48F7240F736A00971C72 /* Sources */,
				CAEA48F8240F736A00971C72 /* Frameworks */,
				CAEA48F9240F736A00971C72 /* Resources */,
			);
			buildRules = (
			);
			dependencies = (
				CAEA48FD240F736A00971C72 /* PBXTargetDependency */,
			);
			name = CustomCameraUITests;
			productName = CustomCameraUITests;
			productReference = CAEA48FB240F736A00971C72 /* CustomCameraUITests.xctest */;
			productType = "com.apple.product-type.bundle.ui-testing";
		};
/* End PBXNativeTarget section */

/* Begin PBXProject section */
		CAEA48D2240F736400971C72 /* Project object */ = {
			isa = PBXProject;
			attributes = {
				LastSwiftUpdateCheck = 1130;
				LastUpgradeCheck = 1130;
				ORGANIZATIONNAME = "Nishika Agarwal";
				TargetAttributes = {
					CAEA48D9240F736400971C72 = {
						CreatedOnToolsVersion = 11.3;
					};
					CAEA48EF240F736A00971C72 = {
						CreatedOnToolsVersion = 11.3;
						TestTargetID = CAEA48D9240F736400971C72;
					};
					CAEA48FA240F736A00971C72 = {
						CreatedOnToolsVersion = 11.3;
						TestTargetID = CAEA48D9240F736400971C72;
					};
				};
			};
			buildConfigurationList = CAEA48D5240F736400971C72 /* Build configuration list for PBXProject "CustomCamera" */;
			compatibilityVersion = "Xcode 9.3";
			developmentRegion = en;
			hasScannedForEncodings = 0;
			knownRegions = (
				en,
				Base,
			);
			mainGroup = CAEA48D1240F736400971C72;
			productRefGroup = CAEA48DB240F736400971C72 /* Products */;
			projectDirPath = "";
			projectRoot = "";
			targets = (
				CAEA48D9240F736400971C72 /* CustomCamera */,
				CAEA48EF240F736A00971C72 /* CustomCameraTests */,
				CAEA48FA240F736A00971C72 /* CustomCameraUITests */,
			);
		};
/* End PBXProject section */

/* Begin PBXResourcesBuildPhase section */
		CAEA48D8240F736400971C72 /* Resources */ = {
			isa = PBXResourcesBuildPhase;
			buildActionMask = 2147483647;
			files = (
				CAEA48EA240F736900971C72 /* LaunchScreen.storyboard in Resources */,
				CAEA48E7240F736900971C72 /* Assets.xcassets in Resources */,
				CAEA48E5240F736400971C72 /* Main.storyboard in Resources */,
			);
			runOnlyForDeploymentPostprocessing = 0;
		};
		CAEA48EE240F736A00971C72 /* Resources */ = {
			isa = PBXResourcesBuildPhase;
			buildActionMask = 2147483647;
			files = (
			);
			runOnlyForDeploymentPostprocessing = 0;
		};
		CAEA48F9240F736A00971C72 /* Resources */ = {
			isa = PBXResourcesBuildPhase;
			buildActionMask = 2147483647;
			files = (
			);
			runOnlyForDeploymentPostprocessing = 0;
		};
/* End PBXResourcesBuildPhase section */

/* Begin PBXSourcesBuildPhase section */
		CAEA48D6240F736400971C72 /* Sources */ = {
			isa = PBXSourcesBuildPhase;
			buildActionMask = 2147483647;
			files = (
				CAEA48E2240F736400971C72 /* ViewController.swift in Sources */,
				CAEA490E240F752A00971C72 /* PhotoViewController.swift in Sources */,
				CAEA48DE240F736400971C72 /* AppDelegate.swift in Sources */,
				CAEA48E0240F736400971C72 /* SceneDelegate.swift in Sources */,
			);
			runOnlyForDeploymentPostprocessing = 0;
		};
		CAEA48EC240F736A00971C72 /* Sources */ = {
			isa = PBXSourcesBuildPhase;
			buildActionMask = 2147483647;
			files = (
				CAEA48F5240F736A00971C72 /* CustomCameraTests.swift in Sources */,
			);
			runOnlyForDeploymentPostprocessing = 0;
		};
		CAEA48F7240F736A00971C72 /* Sources */ = {
			isa = PBXSourcesBuildPhase;
			buildActionMask = 2147483647;
			files = (
				CAEA4900240F736A00971C72 /* CustomCameraUITests.swift in Sources */,
			);
			runOnlyForDeploymentPostprocessing = 0;
		};
/* End PBXSourcesBuildPhase section */

/* Begin PBXTargetDependency section */
		CAEA48F2240F736A00971C72 /* PBXTargetDependency */ = {
			isa = PBXTargetDependency;
			target = CAEA48D9240F736400971C72 /* CustomCamera */;
			targetProxy = CAEA48F1240F736A00971C72 /* PBXContainerItemProxy */;
		};
		CAEA48FD240F736A00971C72 /* PBXTargetDependency */ = {
			isa = PBXTargetDependency;
			target = CAEA48D9240F736400971C72 /* CustomCamera */;
			targetProxy = CAEA48FC240F736A00971C72 /* PBXContainerItemProxy */;
		};
/* End PBXTargetDependency section */

/* Begin PBXVariantGroup section */
		CAEA48E3240F736400971C72 /* Main.storyboard */ = {
			isa = PBXVariantGroup;
			children = (
				CAEA48E4240F736400971C72 /* Base */,
			);
			name = Main.storyboard;
			sourceTree = "<group>";
		};
		CAEA48E8240F736900971C72 /* LaunchScreen.storyboard */ = {
			isa = PBXVariantGroup;
			children = (
				CAEA48E9240F736900971C72 /* Base */,
			);
			name = LaunchScreen.storyboard;
			sourceTree = "<group>";
		};
/* End PBXVariantGroup section */

/* Begin XCBuildConfiguration section */
		CAEA4902240F736A00971C72 /* Debug */ = {
			isa = XCBuildConfiguration;
			buildSettings = {
				ALWAYS_SEARCH_USER_PATHS = NO;
				CLANG_ANALYZER_NONNULL = YES;
				CLANG_ANALYZER_NUMBER_OBJECT_CONVERSION = YES_AGGRESSIVE;
				CLANG_CXX_LANGUAGE_STANDARD = "gnu++14";
				CLANG_CXX_LIBRARY = "libc++";
				CLANG_ENABLE_MODULES = YES;
				CLANG_ENABLE_OBJC_ARC = YES;
				CLANG_ENABLE_OBJC_WEAK = YES;
				CLANG_WARN_BLOCK_CAPTURE_AUTORELEASING = YES;
				CLANG_WARN_BOOL_CONVERSION = YES;
				CLANG_WARN_COMMA = YES;
				CLANG_WARN_CONSTANT_CONVERSION = YES;
				CLANG_WARN_DEPRECATED_OBJC_IMPLEMENTATIONS = YES;
				CLANG_WARN_DIRECT_OBJC_ISA_USAGE = YES_ERROR;
				CLANG_WARN_DOCUMENTATION_COMMENTS = YES;
				CLANG_WARN_EMPTY_BODY = YES;
				CLANG_WARN_ENUM_CONVERSION = YES;
				CLANG_WARN_INFINITE_RECURSION = YES;
				CLANG_WARN_INT_CONVERSION = YES;
				CLANG_WARN_NON_LITERAL_NULL_CONVERSION = YES;
				CLANG_WARN_OBJC_IMPLICIT_RETAIN_SELF = YES;
				CLANG_WARN_OBJC_LITERAL_CONVERSION = YES;
				CLANG_WARN_OBJC_ROOT_CLASS = YES_ERROR;
				CLANG_WARN_RANGE_LOOP_ANALYSIS = YES;
				CLANG_WARN_STRICT_PROTOTYPES = YES;
				CLANG_WARN_SUSPICIOUS_MOVE = YES;
				CLANG_WARN_UNGUARDED_AVAILABILITY = YES_AGGRESSIVE;
				CLANG_WARN_UNREACHABLE_CODE = YES;
				CLANG_WARN__DUPLICATE_METHOD_MATCH = YES;
				COPY_PHASE_STRIP = NO;
				DEBUG_INFORMATION_FORMAT = dwarf;
				ENABLE_STRICT_OBJC_MSGSEND = YES;
				ENABLE_TESTABILITY = YES;
				GCC_C_LANGUAGE_STANDARD = gnu11;
				GCC_DYNAMIC_NO_PIC = NO;
				GCC_NO_COMMON_BLOCKS = YES;
				GCC_OPTIMIZATION_LEVEL = 0;
				GCC_PREPROCESSOR_DEFINITIONS = (
					"DEBUG=1",
					"$(inherited)",
				);
				GCC_WARN_64_TO_32_BIT_CONVERSION = YES;
				GCC_WARN_ABOUT_RETURN_TYPE = YES_ERROR;
				GCC_WARN_UNDECLARED_SELECTOR = YES;
				GCC_WARN_UNINITIALIZED_AUTOS = YES_AGGRESSIVE;
				GCC_WARN_UNUSED_FUNCTION = YES;
				GCC_WARN_UNUSED_VARIABLE = YES;
				IPHONEOS_DEPLOYMENT_TARGET = 13.2;
				MTL_ENABLE_DEBUG_INFO = INCLUDE_SOURCE;
				MTL_FAST_MATH = YES;
				ONLY_ACTIVE_ARCH = YES;
				SDKROOT = iphoneos;
				SWIFT_ACTIVE_COMPILATION_CONDITIONS = DEBUG;
				SWIFT_OPTIMIZATION_LEVEL = "-Onone";
			};
			name = Debug;
		};
		CAEA4903240F736A00971C72 /* Release */ = {
			isa = XCBuildConfiguration;
			buildSettings = {
				ALWAYS_SEARCH_USER_PATHS = NO;
				CLANG_ANALYZER_NONNULL = YES;
				CLANG_ANALYZER_NUMBER_OBJECT_CONVERSION = YES_AGGRESSIVE;
				CLANG_CXX_LANGUAGE_STANDARD = "gnu++14";
				CLANG_CXX_LIBRARY = "libc++";
				CLANG_ENABLE_MODULES = YES;
				CLANG_ENABLE_OBJC_ARC = YES;
				CLANG_ENABLE_OBJC_WEAK = YES;
				CLANG_WARN_BLOCK_CAPTURE_AUTORELEASING = YES;
				CLANG_WARN_BOOL_CONVERSION = YES;
				CLANG_WARN_COMMA = YES;
				CLANG_WARN_CONSTANT_CONVERSION = YES;
				CLANG_WARN_DEPRECATED_OBJC_IMPLEMENTATIONS = YES;
				CLANG_WARN_DIRECT_OBJC_ISA_USAGE = YES_ERROR;
				CLANG_WARN_DOCUMENTATION_COMMENTS = YES;
				CLANG_WARN_EMPTY_BODY = YES;
				CLANG_WARN_ENUM_CONVERSION = YES;
				CLANG_WARN_INFINITE_RECURSION = YES;
				CLANG_WARN_INT_CONVERSION = YES;
				CLANG_WARN_NON_LITERAL_NULL_CONVERSION = YES;
				CLANG_WARN_OBJC_IMPLICIT_RETAIN_SELF = YES;
				CLANG_WARN_OBJC_LITERAL_CONVERSION = YES;
				CLANG_WARN_OBJC_ROOT_CLASS = YES_ERROR;
				CLANG_WARN_RANGE_LOOP_ANALYSIS = YES;
				CLANG_WARN_STRICT_PROTOTYPES = YES;
				CLANG_WARN_SUSPICIOUS_MOVE = YES;
				CLANG_WARN_UNGUARDED_AVAILABILITY = YES_AGGRESSIVE;
				CLANG_WARN_UNREACHABLE_CODE = YES;
				CLANG_WARN__DUPLICATE_METHOD_MATCH = YES;
				COPY_PHASE_STRIP = NO;
				DEBUG_INFORMATION_FORMAT = "dwarf-with-dsym";
				ENABLE_NS_ASSERTIONS = NO;
				ENABLE_STRICT_OBJC_MSGSEND = YES;
				GCC_C_LANGUAGE_STANDARD = gnu11;
				GCC_NO_COMMON_BLOCKS = YES;
				GCC_WARN_64_TO_32_BIT_CONVERSION = YES;
				GCC_WARN_ABOUT_RETURN_TYPE = YES_ERROR;
				GCC_WARN_UNDECLARED_SELECTOR = YES;
				GCC_WARN_UNINITIALIZED_AUTOS = YES_AGGRESSIVE;
				GCC_WARN_UNUSED_FUNCTION = YES;
				GCC_WARN_UNUSED_VARIABLE = YES;
				IPHONEOS_DEPLOYMENT_TARGET = 13.2;
				MTL_ENABLE_DEBUG_INFO = NO;
				MTL_FAST_MATH = YES;
				SDKROOT = iphoneos;
				SWIFT_COMPILATION_MODE = wholemodule;
				SWIFT_OPTIMIZATION_LEVEL = "-O";
				VALIDATE_PRODUCT = YES;
			};
			name = Release;
		};
		CAEA4905240F736A00971C72 /* Debug */ = {
			isa = XCBuildConfiguration;
			buildSettings = {
				ASSETCATALOG_COMPILER_APPICON_NAME = AppIcon;
				CODE_SIGN_STYLE = Automatic;
				INFOPLIST_FILE = CustomCamera/Info.plist;
				LD_RUNPATH_SEARCH_PATHS = (
					"$(inherited)",
					"@executable_path/Frameworks",
				);
				PRODUCT_BUNDLE_IDENTIFIER = nishika.CustomCamera;
				PRODUCT_NAME = "$(TARGET_NAME)";
				SWIFT_VERSION = 5.0;
				TARGETED_DEVICE_FAMILY = "1,2";
			};
			name = Debug;
		};
		CAEA4906240F736A00971C72 /* Release */ = {
			isa = XCBuildConfiguration;
			buildSettings = {
				ASSETCATALOG_COMPILER_APPICON_NAME = AppIcon;
				CODE_SIGN_STYLE = Automatic;
				INFOPLIST_FILE = CustomCamera/Info.plist;
				LD_RUNPATH_SEARCH_PATHS = (
					"$(inherited)",
					"@executable_path/Frameworks",
				);
				PRODUCT_BUNDLE_IDENTIFIER = nishika.CustomCamera;
				PRODUCT_NAME = "$(TARGET_NAME)";
				SWIFT_VERSION = 5.0;
				TARGETED_DEVICE_FAMILY = "1,2";
			};
			name = Release;
		};
		CAEA4908240F736A00971C72 /* Debug */ = {
			isa = XCBuildConfiguration;
			buildSettings = {
				ALWAYS_EMBED_SWIFT_STANDARD_LIBRARIES = YES;
				BUNDLE_LOADER = "$(TEST_HOST)";
				CODE_SIGN_STYLE = Automatic;
				INFOPLIST_FILE = CustomCameraTests/Info.plist;
				IPHONEOS_DEPLOYMENT_TARGET = 13.2;
				LD_RUNPATH_SEARCH_PATHS = (
					"$(inherited)",
					"@executable_path/Frameworks",
					"@loader_path/Frameworks",
				);
				PRODUCT_BUNDLE_IDENTIFIER = nishika.CustomCameraTests;
				PRODUCT_NAME = "$(TARGET_NAME)";
				SWIFT_VERSION = 5.0;
				TARGETED_DEVICE_FAMILY = "1,2";
				TEST_HOST = "$(BUILT_PRODUCTS_DIR)/CustomCamera.app/CustomCamera";
			};
			name = Debug;
		};
		CAEA4909240F736A00971C72 /* Release */ = {
			isa = XCBuildConfiguration;
			buildSettings = {
				ALWAYS_EMBED_SWIFT_STANDARD_LIBRARIES = YES;
				BUNDLE_LOADER = "$(TEST_HOST)";
				CODE_SIGN_STYLE = Automatic;
				INFOPLIST_FILE = CustomCameraTests/Info.plist;
				IPHONEOS_DEPLOYMENT_TARGET = 13.2;
				LD_RUNPATH_SEARCH_PATHS = (
					"$(inherited)",
					"@executable_path/Frameworks",
					"@loader_path/Frameworks",
				);
				PRODUCT_BUNDLE_IDENTIFIER = nishika.CustomCameraTests;
				PRODUCT_NAME = "$(TARGET_NAME)";
				SWIFT_VERSION = 5.0;
				TARGETED_DEVICE_FAMILY = "1,2";
				TEST_HOST = "$(BUILT_PRODUCTS_DIR)/CustomCamera.app/CustomCamera";
			};
			name = Release;
		};
		CAEA490B240F736A00971C72 /* Debug */ = {
			isa = XCBuildConfiguration;
			buildSettings = {
				ALWAYS_EMBED_SWIFT_STANDARD_LIBRARIES = YES;
				CODE_SIGN_STYLE = Automatic;
				INFOPLIST_FILE = CustomCameraUITests/Info.plist;
				LD_RUNPATH_SEARCH_PATHS = (
					"$(inherited)",
					"@executable_path/Frameworks",
					"@loader_path/Frameworks",
				);
				PRODUCT_BUNDLE_IDENTIFIER = nishika.CustomCameraUITests;
				PRODUCT_NAME = "$(TARGET_NAME)";
				SWIFT_VERSION = 5.0;
				TARGETED_DEVICE_FAMILY = "1,2";
				TEST_TARGET_NAME = CustomCamera;
			};
			name = Debug;
		};
		CAEA490C240F736A00971C72 /* Release */ = {
			isa = XCBuildConfiguration;
			buildSettings = {
				ALWAYS_EMBED_SWIFT_STANDARD_LIBRARIES = YES;
				CODE_SIGN_STYLE = Automatic;
				INFOPLIST_FILE = CustomCameraUITests/Info.plist;
				LD_RUNPATH_SEARCH_PATHS = (
					"$(inherited)",
					"@executable_path/Frameworks",
					"@loader_path/Frameworks",
				);
				PRODUCT_BUNDLE_IDENTIFIER = nishika.CustomCameraUITests;
				PRODUCT_NAME = "$(TARGET_NAME)";
				SWIFT_VERSION = 5.0;
				TARGETED_DEVICE_FAMILY = "1,2";
				TEST_TARGET_NAME = CustomCamera;
			};
			name = Release;
		};
/* End XCBuildConfiguration section */

/* Begin XCConfigurationList section */
		CAEA48D5240F736400971C72 /* Build configuration list for PBXProject "CustomCamera" */ = {
			isa = XCConfigurationList;
			buildConfigurations = (
				CAEA4902240F736A00971C72 /* Debug */,
				CAEA4903240F736A00971C72 /* Release */,
			);
			defaultConfigurationIsVisible = 0;
			defaultConfigurationName = Release;
		};
		CAEA4904240F736A00971C72 /* Build configuration list for PBXNativeTarget "CustomCamera" */ = {
			isa = XCConfigurationList;
			buildConfigurations = (
				CAEA4905240F736A00971C72 /* Debug */,
				CAEA4906240F736A00971C72 /* Release */,
			);
			defaultConfigurationIsVisible = 0;
			defaultConfigurationName = Release;
		};
		CAEA4907240F736A00971C72 /* Build configuration list for PBXNativeTarget "CustomCameraTests" */ = {
			isa = XCConfigurationList;
			buildConfigurations = (
				CAEA4908240F736A00971C72 /* Debug */,
				CAEA4909240F736A00971C72 /* Release */,
			);
			defaultConfigurationIsVisible = 0;
			defaultConfigurationName = Release;
		};
		CAEA490A240F736A00971C72 /* Build configuration list for PBXNativeTarget "CustomCameraUITests" */ = {
			isa = XCConfigurationList;
			buildConfigurations = (
				CAEA490B240F736A00971C72 /* Debug */,
				CAEA490C240F736A00971C72 /* Release */,
			);
			defaultConfigurationIsVisible = 0;
			defaultConfigurationName = Release;
		};
/* End XCConfigurationList section */
	};
	rootObject = CAEA48D2240F736400971C72 /* Project object */;
}
